
Microsoft Visual Studio Solution File, Format Version 12.00
# Visual Studio Version 17
VisualStudioVersion = 17.0.31919.166
MinimumVisualStudioVersion = 10.0.40219.1
Project("{FAE04EC0-301F-11D3-BF4B-00C04F79EFBC}") = "ImageTutorial.Android", "ImageTutorial\ImageTutorial.Android\ImageTutorial.Android.csproj", "{033585C8-7909-4E6F-A35A-E39A27BCD14F}"
EndProject
Project("{FAE04EC0-301F-11D3-BF4B-00C04F79EFBC}") = "ImageTutorial.iOS", "ImageTutorial\ImageTutorial.iOS\ImageTutorial.iOS.csproj", "{558425C6-7943-4A63-A9E0-1CD5D49E92C3}"
EndProject
Project("{FAE04EC0-301F-11D3-BF4B-00C04F79EFBC}") = "ImageTutorial", "ImageTutorial\ImageTutorial\ImageTutorial.csproj", "{6A7A086E-A7B0-4CC7-BE85-5D2484411530}"
EndProject
Global
	GlobalSection(SolutionConfigurationPlatforms) = preSolution
		Debug|Any CPU = Debug|Any CPU
		Debug|iPhone = Debug|iPhone
		Debug|iPhoneSimulator = Debug|iPhoneSimulator
		Release|Any CPU = Release|Any CPU
		Release|iPhone = Release|iPhone
		Release|iPhoneSimulator = Release|iPhoneSimulator
	EndGlobalSection
	GlobalSection(ProjectConfigurationPlatforms) = postSolution
		{033585C8-7909-4E6F-A35A-E39A27BCD14F}.Debug|Any CPU.ActiveCfg = Debug|Any CPU
		{033585C8-7909-4E6F-A35A-E39A27BCD14F}.Debug|Any CPU.Build.0 = Debug|Any CPU
		{033585C8-7909-4E6F-A35A-E39A27BCD14F}.Debug|Any CPU.Deploy.0 = Debug|Any CPU
		{033585C8-7909-4E6F-A35A-E39A27BCD14F}.Debug|iPhone.ActiveCfg = Debug|Any CPU
		{033585C8-7909-4E6F-A35A-E39A27BCD14F}.Debug|iPhone.Build.0 = Debug|Any CPU
		{033585C8-7909-4E6F-A35A-E39A27BCD14F}.Debug|iPhone.Deploy.0 = Debug|Any CPU
		{033585C8-7909-4E6F-A35A-E39A27BCD14F}.Debug|iPhoneSimulator.ActiveCfg = Debug|Any CPU
		{033585C8-7909-4E6F-A35A-E39A27BCD14F}.Debug|iPhoneSimulator.Build.0 = Debug|Any CPU
		{033585C8-7909-4E6F-A35A-E39A27BCD14F}.Debug|iPhoneSimulator.Deploy.0 = Debug|Any CPU
		{033585C8-7909-4E6F-A35A-E39A27BCD14F}.Release|Any CPU.ActiveCfg = Release|Any CPU
		{033585C8-7909-4E6F-A35A-E39A27BCD14F}.Release|Any CPU.Build.0 = Release|Any CPU
		{033585C8-7909-4E6F-A35A-E39A27BCD14F}.Release|Any CPU.Deploy.0 = Release|Any CPU
		{033585C8-7909-4E6F-A35A-E39A27BCD14F}.Release|iPhone.ActiveCfg = Release|Any CPU
		{033585C8-7909-4E6F-A35A-E39A27BCD14F}.Release|iPhone.Build.0 = Release|Any CPU
		{033585C8-7909-4E6F-A35A-E39A27BCD14F}.Release|iPhone.Deploy.0 = Release|Any CPU
		{033585C8-7909-4E6F-A35A-E39A27BCD14F}.Release|iPhoneSimulator.ActiveCfg = Release|Any CPU
		{033585C8-7909-4E6F-A35A-E39A27BCD14F}.Release|iPhoneSimulator.Build.0 = Release|Any CPU
		{033585C8-7909-4E6F-A35A-E39A27BCD14F}.Release|iPhoneSimulator.Deploy.0 = Release|Any CPU
		{558425C6-7943-4A63-A9E0-1CD5D49E92C3}.Debug|Any CPU.ActiveCfg = Debug|iPhone
		{558425C6-7943-4A63-A9E0-1CD5D49E92C3}.Debug|Any CPU.Build.0 = Debug|iPhone
		{558425C6-7943-4A63-A9E0-1CD5D49E92C3}.Debug|Any CPU.Deploy.0 = Debug|iPhone
		{558425C6-7943-4A63-A9E0-1CD5D49E92C3}.Debug|iPhone.ActiveCfg = Debug|iPhone
		{558425C6-7943-4A63-A9E0-1CD5D49E92C3}.Debug|iPhone.Build.0 = Debug|iPhone
		{558425C6-7943-4A63-A9E0-1CD5D49E92C3}.Debug|iPhone.Deploy.0 = Debug|iPhone
		{558425C6-7943-4A63-A9E0-1CD5D49E92C3}.Debug|iPhoneSimulator.ActiveCfg = Debug|iPhoneSimulator
		{558425C6-7943-4A63-A9E0-1CD5D49E92C3}.Debug|iPhoneSimulator.Build.0 = Debug|iPhoneSimulator
		{558425C6-7943-4A63-A9E0-1CD5D49E92C3}.Debug|iPhoneSimulator.Deploy.0 = Debug|iPhoneSimulator
		{558425C6-7943-4A63-A9E0-1CD5D49E92C3}.Release|Any CPU.ActiveCfg = Release|iPhoneSimulator
		{558425C6-7943-4A63-A9E0-1CD5D49E92C3}.Release|Any CPU.Build.0 = Release|iPhoneSimulator
		{558425C6-7943-4A63-A9E0-1CD5D49E92C3}.Release|Any CPU.Deploy.0 = Release|iPhoneSimulator
		{558425C6-7943-4A63-A9E0-1CD5D49E92C3}.Release|iPhone.ActiveCfg = Release|iPhone
		{558425C6-7943-4A63-A9E0-1CD5D49E92C3}.Release|iPhone.Build.0 = Release|iPhone
		{558425C6-7943-4A63-A9E0-1CD5D49E92C3}.Release|iPhone.Deploy.0 = Release|iPhone
		{558425C6-7943-4A63-A9E0-1CD5D49E92C3}.Release|iPhoneSimulator.ActiveCfg = Release|iPhoneSimulator
		{558425C6-7943-4A63-A9E0-1CD5D49E92C3}.Release|iPhoneSimulator.Build.0 = Release|iPhoneSimulator
		{558425C6-7943-4A63-A9E0-1CD5D49E92C3}.Release|iPhoneSimulator.Deploy.0 = Release|iPhoneSimulator
		{6A7A086E-A7B0-4CC7-BE85-5D2484411530}.Debug|Any CPU.ActiveCfg = Debug|Any CPU
		{6A7A086E-A7B0-4CC7-BE85-5D2484411530}.Debug|Any CPU.Build.0 = Debug|Any CPU
		{6A7A086E-A7B0-4CC7-BE85-5D2484411530}.Debug|Any CPU.Deploy.0 = Debug|Any CPU
		{6A7A086E-A7B0-4CC7-BE85-5D2484411530}.Debug|iPhone.ActiveCfg = Debug|Any CPU
		{6A7A086E-A7B0-4CC7-BE85-5D2484411530}.Debug|iPhone.Build.0 = Debug|Any CPU
		{6A7A086E-A7B0-4CC7-BE85-5D2484411530}.Debug|iPhone.Deploy.0 = Debug|Any CPU
		{6A7A086E-A7B0-4CC7-BE85-5D2484411530}.Debug|iPhoneSimulator.ActiveCfg = Debug|Any CPU
		{6A7A086E-A7B0-4CC7-BE85-5D2484411530}.Debug|iPhoneSimulator.Build.0 = Debug|Any CPU
		{6A7A086E-A7B0-4CC7-BE85-5D2484411530}.Debug|iPhoneSimulator.Deploy.0 = Debug|Any CPU
		{6A7A086E-A7B0-4CC7-BE85-5D2484411530}.Release|Any CPU.ActiveCfg = Release|Any CPU
		{6A7A086E-A7B0-4CC7-BE85-5D2484411530}.Release|Any CPU.Build.0 = Release|Any CPU
		{6A7A086E-A7B0-4CC7-BE85-5D2484411530}.Release|Any CPU.Deploy.0 = Release|Any CPU
		{6A7A086E-A7B0-4CC7-BE85-5D2484411530}.Release|iPhone.ActiveCfg = Release|Any CPU
		{6A7A086E-A7B0-4CC7-BE85-5D2484411530}.Release|iPhone.Build.0 = Release|Any CPU
		{6A7A086E-A7B0-4CC7-BE85-5D2484411530}.Release|iPhone.Deploy.0 = Release|Any CPU
		{6A7A086E-A7B0-4CC7-BE85-5D2484411530}.Release|iPhoneSimulator.ActiveCfg = Release|Any CPU
		{6A7A086E-A7B0-4CC7-BE85-5D2484411530}.Release|iPhoneSimulator.Build.0 = Release|Any CPU
		{6A7A086E-A7B0-4CC7-BE85-5D2484411530}.Release|iPhoneSimulator.Deploy.0 = Release|Any CPU
	EndGlobalSection
	GlobalSection(SolutionProperties) = preSolution
		HideSolutionNode = FALSE
	EndGlobalSection
	GlobalSection(ExtensibilityGlobals) = postSolution
		SolutionGuid = {DDF17951-C4A9-4940-8F7B-EC67AD9A41E2}
	EndGlobalSection
EndGlobal
